// !$*UTF8*$!
{
	archiveVersion = 1;
	classes = {
	};
	objectVersion = 46;
	objects = {

/* Begin PBXBuildFile section */
		F7CE9B8215089C89001019AD /* UIKit.framework in Frameworks */ = {isa = PBXBuildFile; fileRef = F7CE9B8115089C89001019AD /* UIKit.framework */; };
		F7CE9B8415089C89001019AD /* Foundation.framework in Frameworks */ = {isa = PBXBuildFile; fileRef = F7CE9B8315089C89001019AD /* Foundation.framework */; };
		F7CE9B8615089C89001019AD /* CoreGraphics.framework in Frameworks */ = {isa = PBXBuildFile; fileRef = F7CE9B8515089C89001019AD /* CoreGraphics.framework */; };
		F7CE9B8C15089C89001019AD /* InfoPlist.strings in Resources */ = {isa = PBXBuildFile; fileRef = F7CE9B8A15089C89001019AD /* InfoPlist.strings */; };
		F7CE9B8E15089C89001019AD /* main.m in Sources */ = {isa = PBXBuildFile; fileRef = F7CE9B8D15089C89001019AD /* main.m */; };
		F7CE9B9215089C89001019AD /* Git2AppDelegate.m in Sources */ = {isa = PBXBuildFile; fileRef = F7CE9B9115089C89001019AD /* Git2AppDelegate.m */; };
		F7CE9B9515089C89001019AD /* Git2ViewController.m in Sources */ = {isa = PBXBuildFile; fileRef = F7CE9B9415089C89001019AD /* Git2ViewController.m */; };
		F7CE9B9815089C89001019AD /* Git2ViewController.xib in Resources */ = {isa = PBXBuildFile; fileRef = F7CE9B9615089C89001019AD /* Git2ViewController.xib */; };
/* End PBXBuildFile section */

/* Begin PBXFileReference section */
		F7CE9B7D15089C89001019AD /* test_github_2.app */ = {isa = PBXFileReference; explicitFileType = wrapper.application; includeInIndex = 0; path = test_github_2.app; sourceTree = BUILT_PRODUCTS_DIR; };
		F7CE9B8115089C89001019AD /* UIKit.framework */ = {isa = PBXFileReference; lastKnownFileType = wrapper.framework; name = UIKit.framework; path = System/Library/Frameworks/UIKit.framework; sourceTree = SDKROOT; };
		F7CE9B8315089C89001019AD /* Foundation.framework */ = {isa = PBXFileReference; lastKnownFileType = wrapper.framework; name = Foundation.framework; path = System/Library/Frameworks/Foundation.framework; sourceTree = SDKROOT; };
		F7CE9B8515089C89001019AD /* CoreGraphics.framework */ = {isa = PBXFileReference; lastKnownFileType = wrapper.framework; name = CoreGraphics.framework; path = System/Library/Frameworks/CoreGraphics.framework; sourceTree = SDKROOT; };
		F7CE9B8915089C89001019AD /* test_github_2-Info.plist */ = {isa = PBXFileReference; lastKnownFileType = text.plist.xml; path = "test_github_2-Info.plist"; sourceTree = "<group>"; };
		F7CE9B8B15089C89001019AD /* en */ = {isa = PBXFileReference; lastKnownFileType = text.plist.strings; name = en; path = en.lproj/InfoPlist.strings; sourceTree = "<group>"; };
		F7CE9B8D15089C89001019AD /* main.m */ = {isa = PBXFileReference; lastKnownFileType = sourcecode.c.objc; path = main.m; sourceTree = "<group>"; };
		F7CE9B8F15089C89001019AD /* test_github_2-Prefix.pch */ = {isa = PBXFileReference; lastKnownFileType = sourcecode.c.h; path = "test_github_2-Prefix.pch"; sourceTree = "<group>"; };
		F7CE9B9015089C89001019AD /* Git2AppDelegate.h */ = {isa = PBXFileReference; lastKnownFileType = sourcecode.c.h; path = Git2AppDelegate.h; sourceTree = "<group>"; };
		F7CE9B9115089C89001019AD /* Git2AppDelegate.m */ = {isa = PBXFileReference; lastKnownFileType = sourcecode.c.objc; path = Git2AppDelegate.m; sourceTree = "<group>"; };
		F7CE9B9315089C89001019AD /* Git2ViewController.h */ = {isa = PBXFileReference; lastKnownFileType = sourcecode.c.h; path = Git2ViewController.h; sourceTree = "<group>"; };
		F7CE9B9415089C89001019AD /* Git2ViewController.m */ = {isa = PBXFileReference; lastKnownFileType = sourcecode.c.objc; path = Git2ViewController.m; sourceTree = "<group>"; };
		F7CE9B9715089C89001019AD /* en */ = {isa = PBXFileReference; lastKnownFileType = file.xib; name = en; path = en.lproj/Git2ViewController.xib; sourceTree = "<group>"; };
/* End PBXFileReference section */

/* Begin PBXFrameworksBuildPhase section */
		F7CE9B7A15089C89001019AD /* Frameworks */ = {
			isa = PBXFrameworksBuildPhase;
			buildActionMask = 2147483647;
			files = (
				F7CE9B8215089C89001019AD /* UIKit.framework in Frameworks */,
				F7CE9B8415089C89001019AD /* Foundation.framework in Frameworks */,
				F7CE9B8615089C89001019AD /* CoreGraphics.framework in Frameworks */,
			);
			runOnlyForDeploymentPostprocessing = 0;
		};
/* End PBXFrameworksBuildPhase section */

/* Begin PBXGroup section */
		F7CE9B7215089C89001019AD = {
			isa = PBXGroup;
			children = (
				F7CE9B8715089C89001019AD /* test_github_2 */,
				F7CE9B8015089C89001019AD /* Frameworks */,
				F7CE9B7E15089C89001019AD /* Products */,
			);
			sourceTree = "<group>";
		};
		F7CE9B7E15089C89001019AD /* Products */ = {
			isa = PBXGroup;
			children = (
				F7CE9B7D15089C89001019AD /* test_github_2.app */,
			);
			name = Products;
			sourceTree = "<group>";
		};
		F7CE9B8015089C89001019AD /* Frameworks */ = {
			isa = PBXGroup;
			children = (
				F7CE9B8115089C89001019AD /* UIKit.framework */,
				F7CE9B8315089C89001019AD /* Foundation.framework */,
				F7CE9B8515089C89001019AD /* CoreGraphics.framework */,
			);
			name = Frameworks;
			sourceTree = "<group>";
		};
		F7CE9B8715089C89001019AD /* test_github_2 */ = {
			isa = PBXGroup;
			children = (
				F7CE9B9015089C89001019AD /* Git2AppDelegate.h */,
				F7CE9B9115089C89001019AD /* Git2AppDelegate.m */,
				F7CE9B9315089C89001019AD /* Git2ViewController.h */,
				F7CE9B9415089C89001019AD /* Git2ViewController.m */,
				F7CE9B9615089C89001019AD /* Git2ViewController.xib */,
				F7CE9B8815089C89001019AD /* Supporting Files */,
			);
			path = test_github_2;
			sourceTree = "<group>";
		};
		F7CE9B8815089C89001019AD /* Supporting Files */ = {
			isa = PBXGroup;
			children = (
				F7CE9B8915089C89001019AD /* test_github_2-Info.plist */,
				F7CE9B8A15089C89001019AD /* InfoPlist.strings */,
				F7CE9B8D15089C89001019AD /* main.m */,
				F7CE9B8F15089C89001019AD /* test_github_2-Prefix.pch */,
			);
			name = "Supporting Files";
			sourceTree = "<group>";
		};
/* End PBXGroup section */

/* Begin PBXNativeTarget section */
		F7CE9B7C15089C89001019AD /* test_github_2 */ = {
			isa = PBXNativeTarget;
			buildConfigurationList = F7CE9B9B15089C89001019AD /* Build configuration list for PBXNativeTarget "test_github_2" */;
			buildPhases = (
				F7CE9B7915089C89001019AD /* Sources */,
				F7CE9B7A15089C89001019AD /* Frameworks */,
				F7CE9B7B15089C89001019AD /* Resources */,
			);
			buildRules = (
			);
			dependencies = (
			);
			name = test_github_2;
			productName = test_github_2;
			productReference = F7CE9B7D15089C89001019AD /* test_github_2.app */;
			productType = "com.apple.product-type.application";
		};
/* End PBXNativeTarget section */

/* Begin PBXProject section */
		F7CE9B7415089C89001019AD /* Project object */ = {
			isa = PBXProject;
			attributes = {
				LastUpgradeCheck = 0420;
			};
			buildConfigurationList = F7CE9B7715089C89001019AD /* Build configuration list for PBXProject "test_github_2" */;
			compatibilityVersion = "Xcode 3.2";
			developmentRegion = English;
			hasScannedForEncodings = 0;
			knownRegions = (
				en,
			);
			mainGroup = F7CE9B7215089C89001019AD;
			productRefGroup = F7CE9B7E15089C89001019AD /* Products */;
			projectDirPath = "";
			projectRoot = "";
			targets = (
				F7CE9B7C15089C89001019AD /* test_github_2 */,
			);
		};
/* End PBXProject section */

/* Begin PBXResourcesBuildPhase section */
		F7CE9B7B15089C89001019AD /* Resources */ = {
			isa = PBXResourcesBuildPhase;
			buildActionMask = 2147483647;
			files = (
				F7CE9B8C15089C89001019AD /* InfoPlist.strings in Resources */,
				F7CE9B9815089C89001019AD /* Git2ViewController.xib in Resources */,
			);
			runOnlyForDeploymentPostprocessing = 0;
		};
/* End PBXResourcesBuildPhase section */

/* Begin PBXSourcesBuildPhase section */
		F7CE9B7915089C89001019AD /* Sources */ = {
			isa = PBXSourcesBuildPhase;
			buildActionMask = 2147483647;
			files = (
				F7CE9B8E15089C89001019AD /* main.m in Sources */,
				F7CE9B9215089C89001019AD /* Git2AppDelegate.m in Sources */,
				F7CE9B9515089C89001019AD /* Git2ViewController.m in Sources */,
			);
			runOnlyForDeploymentPostprocessing = 0;
		};
/* End PBXSourcesBuildPhase section */

/* Begin PBXVariantGroup section */
		F7CE9B8A15089C89001019AD /* InfoPlist.strings */ = {
			isa = PBXVariantGroup;
			children = (
				F7CE9B8B15089C89001019AD /* en */,
			);
			name = InfoPlist.strings;
			sourceTree = "<group>";
		};
		F7CE9B9615089C89001019AD /* Git2ViewController.xib */ = {
			isa = PBXVariantGroup;
			children = (
				F7CE9B9715089C89001019AD /* en */,
			);
			name = Git2ViewController.xib;
			sourceTree = "<group>";
		};
/* End PBXVariantGroup section */

/* Begin XCBuildConfiguration section */
		F7CE9B9915089C89001019AD /* Debug */ = {
			isa = XCBuildConfiguration;
			buildSettings = {
				ALWAYS_SEARCH_USER_PATHS = NO;
				ARCHS = "$(ARCHS_STANDARD_32_BIT)";
				CLANG_ENABLE_OBJC_ARC = YES;
				"CODE_SIGN_IDENTITY[sdk=iphoneos*]" = "iPhone Developer";
				COPY_PHASE_STRIP = NO;
				GCC_C_LANGUAGE_STANDARD = gnu99;
				GCC_DYNAMIC_NO_PIC = NO;
				GCC_OPTIMIZATION_LEVEL = 0;
				GCC_PREPROCESSOR_DEFINITIONS = (
					"DEBUG=1",
					"$(inherited)",
				);
				GCC_SYMBOLS_PRIVATE_EXTERN = NO;
				GCC_VERSION = com.apple.compilers.llvm.clang.1_0;
				GCC_WARN_ABOUT_MISSING_PROTOTYPES = YES;
				GCC_WARN_ABOUT_RETURN_TYPE = YES;
				GCC_WARN_UNUSED_VARIABLE = YES;
				IPHONEOS_DEPLOYMENT_TARGET = 5.0;
				SDKROOT = iphoneos;
			};
			name = Debug;
		};
		F7CE9B9A15089C89001019AD /* Release */ = {
			isa = XCBuildConfiguration;
			buildSettings = {
				ALWAYS_SEARCH_USER_PATHS = NO;
				ARCHS = "$(ARCHS_STANDARD_32_BIT)";
				CLANG_ENABLE_OBJC_ARC = YES;
				"CODE_SIGN_IDENTITY[sdk=iphoneos*]" = "iPhone Developer";
				COPY_PHASE_STRIP = YES;
				GCC_C_LANGUAGE_STANDARD = gnu99;
				GCC_VERSION = com.apple.compilers.llvm.clang.1_0;
				GCC_WARN_ABOUT_MISSING_PROTOTYPES = YES;
				GCC_WARN_ABOUT_RETURN_TYPE = YES;
				GCC_WARN_UNUSED_VARIABLE = YES;
				IPHONEOS_DEPLOYMENT_TARGET = 5.0;
				OTHER_CFLAGS = "-DNS_BLOCK_ASSERTIONS=1";
				SDKROOT = iphoneos;
				VALIDATE_PRODUCT = YES;
			};
			name = Release;
		};
		F7CE9B9C15089C89001019AD /* Debug */ = {
			isa = XCBuildConfiguration;
			buildSettings = {
				GCC_PRECOMPILE_PREFIX_HEADER = YES;
				GCC_PREFIX_HEADER = "test_github_2/test_github_2-Prefix.pch";
				INFOPLIST_FILE = "test_github_2/test_github_2-Info.plist";
				PRODUCT_NAME = "$(TARGET_NAME)";
				WRAPPER_EXTENSION = app;
			};
			name = Debug;
		};
		F7CE9B9D15089C89001019AD /* Release */ = {
			isa = XCBuildConfiguration;
			buildSettings = {
				GCC_PRECOMPILE_PREFIX_HEADER = YES;
				GCC_PREFIX_HEADER = "test_github_2/test_github_2-Prefix.pch";
				INFOPLIST_FILE = "test_github_2/test_github_2-Info.plist";
				PRODUCT_NAME = "$(TARGET_NAME)";
				WRAPPER_EXTENSION = app;
			};
			name = Release;
		};
/* End XCBuildConfiguration section */

/* Begin XCConfigurationList section */
		F7CE9B7715089C89001019AD /* Build configuration list for PBXProject "test_github_2" */ = {
			isa = XCConfigurationList;
			buildConfigurations = (
				F7CE9B9915089C89001019AD /* Debug */,
				F7CE9B9A15089C89001019AD /* Release */,
			);
			defaultConfigurationIsVisible = 0;
			defaultConfigurationName = Release;
		};
		F7CE9B9B15089C89001019AD /* Build configuration list for PBXNativeTarget "test_github_2" */ = {
			isa = XCConfigurationList;
			buildConfigurations = (
				F7CE9B9C15089C89001019AD /* Debug */,
				F7CE9B9D15089C89001019AD /* Release */,
			);
			defaultConfigurationIsVisible = 0;
		};
/* End XCConfigurationList section */
	};
	rootObject = F7CE9B7415089C89001019AD /* Project object */;
}
